
Microsoft Visual Studio Solution File, Format Version 12.00
# Visual Studio Version 16
VisualStudioVersion = 16.0.29926.136
MinimumVisualStudioVersion = 10.0.40219.1
Project("{FAE04EC0-301F-11D3-BF4B-00C04F79EFBC}") = "Contactos", "Contactos\Contactos.csproj", "{3DDD80C0-3E47-46BD-A25F-5490448D3B1A}"
EndProject
Global
	GlobalSection(SolutionConfigurationPlatforms) = preSolution
		Debug|Any CPU = Debug|Any CPU
		Release|Any CPU = Release|Any CPU
	EndGlobalSection
	GlobalSection(ProjectConfigurationPlatforms) = postSolution
		{3DDD80C0-3E47-46BD-A25F-5490448D3B1A}.Debug|Any CPU.ActiveCfg = Debug|Any CPU
		{3DDD80C0-3E47-46BD-A25F-5490448D3B1A}.Debug|Any CPU.Build.0 = Debug|Any CPU
		{3DDD80C0-3E47-46BD-A25F-5490448D3B1A}.Release|Any CPU.ActiveCfg = Release|Any CPU
		{3DDD80C0-3E47-46BD-A25F-5490448D3B1A}.Release|Any CPU.Build.0 = Release|Any CPU
	EndGlobalSection
	GlobalSection(SolutionProperties) = preSolution
		HideSolutionNode = FALSE
	EndGlobalSection
	GlobalSection(ExtensibilityGlobals) = postSolution
		SolutionGuid = {42772057-F662-41E4-B88A-CA220482B666}
	EndGlobalSection
EndGlobal
